
Microsoft Visual Studio Solution File, Format Version 12.00
# Visual Studio Version 16
VisualStudioVersion = 16.0.31129.286
MinimumVisualStudioVersion = 10.0.40219.1
Project("{9A19103F-16F7-4668-BE54-9A1E7A4F7556}") = "Groovify", "Groovify\Groovify.csproj", "{D9E921CB-18CE-4E23-83D9-E67D16E71014}"
EndProject
Project("{9A19103F-16F7-4668-BE54-9A1E7A4F7556}") = "Modele", "Modele\Modele.csproj", "{F353B201-01CA-4A29-9EC4-EA9EB7C02DA3}"
EndProject
Project("{9A19103F-16F7-4668-BE54-9A1E7A4F7556}") = "DataContractPersistance", "DataContractPersistance\DataContractPersistance.csproj", "{50129E90-9537-4D6D-A1F0-A08341984573}"
	ProjectSection(ProjectDependencies) = postProject
		{F353B201-01CA-4A29-9EC4-EA9EB7C02DA3} = {F353B201-01CA-4A29-9EC4-EA9EB7C02DA3}
	EndProjectSection
EndProject
<<<<<<< .mine
Project("{FAE04EC0-301F-11D3-BF4B-00C04F79EFBC}") = "ConsoleApp1", "ConsoleApp1\ConsoleApp1.csproj", "{1FB98DE3-3F61-413B-A013-2BC4AF3B40CD}"
EndProject
||||||| .r76
=======
Project("{54435603-DBB4-11D2-8724-00A0C9A8B90C}") = "Groovify_Setup", "Groovify_Setup\Groovify_Setup.vdproj", "{F5E45334-7EF9-4128-B19C-7A3E385DCCF2}"
EndProject
>>>>>>> .r77
Global
	GlobalSection(SolutionConfigurationPlatforms) = preSolution
		Debug|Any CPU = Debug|Any CPU
		Release|Any CPU = Release|Any CPU
	EndGlobalSection
	GlobalSection(ProjectConfigurationPlatforms) = postSolution
		{D9E921CB-18CE-4E23-83D9-E67D16E71014}.Debug|Any CPU.ActiveCfg = Debug|Any CPU
		{D9E921CB-18CE-4E23-83D9-E67D16E71014}.Debug|Any CPU.Build.0 = Debug|Any CPU
		{D9E921CB-18CE-4E23-83D9-E67D16E71014}.Release|Any CPU.ActiveCfg = Release|Any CPU
		{D9E921CB-18CE-4E23-83D9-E67D16E71014}.Release|Any CPU.Build.0 = Release|Any CPU
		{F353B201-01CA-4A29-9EC4-EA9EB7C02DA3}.Debug|Any CPU.ActiveCfg = Debug|Any CPU
		{F353B201-01CA-4A29-9EC4-EA9EB7C02DA3}.Debug|Any CPU.Build.0 = Debug|Any CPU
		{F353B201-01CA-4A29-9EC4-EA9EB7C02DA3}.Release|Any CPU.ActiveCfg = Release|Any CPU
		{F353B201-01CA-4A29-9EC4-EA9EB7C02DA3}.Release|Any CPU.Build.0 = Release|Any CPU
		{50129E90-9537-4D6D-A1F0-A08341984573}.Debug|Any CPU.ActiveCfg = Debug|Any CPU
		{50129E90-9537-4D6D-A1F0-A08341984573}.Debug|Any CPU.Build.0 = Debug|Any CPU
		{50129E90-9537-4D6D-A1F0-A08341984573}.Release|Any CPU.ActiveCfg = Release|Any CPU
		{50129E90-9537-4D6D-A1F0-A08341984573}.Release|Any CPU.Build.0 = Release|Any CPU
<<<<<<< .mine
		{1FB98DE3-3F61-413B-A013-2BC4AF3B40CD}.Debug|Any CPU.ActiveCfg = Debug|Any CPU
		{1FB98DE3-3F61-413B-A013-2BC4AF3B40CD}.Debug|Any CPU.Build.0 = Debug|Any CPU
		{1FB98DE3-3F61-413B-A013-2BC4AF3B40CD}.Release|Any CPU.ActiveCfg = Release|Any CPU
		{1FB98DE3-3F61-413B-A013-2BC4AF3B40CD}.Release|Any CPU.Build.0 = Release|Any CPU
||||||| .r76
=======
		{F5E45334-7EF9-4128-B19C-7A3E385DCCF2}.Debug|Any CPU.ActiveCfg = Debug
		{F5E45334-7EF9-4128-B19C-7A3E385DCCF2}.Release|Any CPU.ActiveCfg = Release
>>>>>>> .r77
	EndGlobalSection
	GlobalSection(SolutionProperties) = preSolution
		HideSolutionNode = FALSE
	EndGlobalSection
	GlobalSection(ExtensibilityGlobals) = postSolution
		SolutionGuid = {8D45EDD3-A375-4ECD-8BBE-EA8AD8DF7246}
	EndGlobalSection
EndGlobal
